
Microsoft Visual Studio Solution File, Format Version 12.00
# Visual Studio 15
VisualStudioVersion = 15.0.28307.421
MinimumVisualStudioVersion = 10.0.40219.1
Project("{8BC9CEB8-8B4A-11D0-8D11-00A0C91BC942}") = "lessone 2", "lessone 2\lessone 2.vcxproj", "{E8913B6C-CBC2-4007-9C72-730F05FE63F8}"
EndProject
Global
	GlobalSection(SolutionConfigurationPlatforms) = preSolution
		Debug|x64 = Debug|x64
		Debug|x86 = Debug|x86
		Release|x64 = Release|x64
		Release|x86 = Release|x86
	EndGlobalSection
	GlobalSection(ProjectConfigurationPlatforms) = postSolution
		{E8913B6C-CBC2-4007-9C72-730F05FE63F8}.Debug|x64.ActiveCfg = Debug|x64
		{E8913B6C-CBC2-4007-9C72-730F05FE63F8}.Debug|x64.Build.0 = Debug|x64
		{E8913B6C-CBC2-4007-9C72-730F05FE63F8}.Debug|x86.ActiveCfg = Debug|Win32
		{E8913B6C-CBC2-4007-9C72-730F05FE63F8}.Debug|x86.Build.0 = Debug|Win32
		{E8913B6C-CBC2-4007-9C72-730F05FE63F8}.Release|x64.ActiveCfg = Release|x64
		{E8913B6C-CBC2-4007-9C72-730F05FE63F8}.Release|x64.Build.0 = Release|x64
		{E8913B6C-CBC2-4007-9C72-730F05FE63F8}.Release|x86.ActiveCfg = Release|Win32
		{E8913B6C-CBC2-4007-9C72-730F05FE63F8}.Release|x86.Build.0 = Release|Win32
	EndGlobalSection
	GlobalSection(SolutionProperties) = preSolution
		HideSolutionNode = FALSE
	EndGlobalSection
	GlobalSection(ExtensibilityGlobals) = postSolution
		SolutionGuid = {461C6050-E043-4E8E-B342-AB043787C0D5}
	EndGlobalSection
EndGlobal
